github.com/AgoraIO-Community/agora-token-gen v0.2.1 h1:0GkzLCqxvjkATbjDPxlb+keqaIU3TYOOv7dFpJVD3+4=
github.com/AgoraIO-Community/agora-token-gen v0.2.1/go.mod h1:CPok/T3r5ygzqM5CZJ+PVKM80H5OLWWfM/C7TjrCiYg=
github.com/AgoraIO-Community/go-tokenbuilder v1.2.0 h1:Ktlv7n8PhmSap3tgNxjNHO8hj/qydUIj4UOFF8tRxos=
github.com/AgoraIO-Community/go-tokenbuilder v1.2.0/go.mod h1:xqPdaiFG00M1hNN/CCYh8j+NTmkiJsQtqYdf4YAlncA=
github.com/joho/godotenv v1.5.1 h1:7eLL/+HRGLY0ldzfGMeQkb7vMd0as4CfYvUVzLqw0N0=
github.com/joho/godotenv v1.5.1/go.mod h1:f4LDr5Voq0i2e/R5DDNOoa2zzDfwtkZa6DnEwAbqwq4=
